
Microsoft Visual Studio Solution File, Format Version 12.00
# Visual Studio Version 16
VisualStudioVersion = 16.0.31424.327
MinimumVisualStudioVersion = 10.0.40219.1
Project("{FAE04EC0-301F-11D3-BF4B-00C04F79EFBC}") = "Biblioteca", "Biblioteca\Biblioteca.csproj", "{BE2CC104-3752-4FC7-ADA6-E70F57424997}"
EndProject
Global
	GlobalSection(SolutionConfigurationPlatforms) = preSolution
		Debug|Any CPU = Debug|Any CPU
		Release|Any CPU = Release|Any CPU
	EndGlobalSection
	GlobalSection(ProjectConfigurationPlatforms) = postSolution
		{BE2CC104-3752-4FC7-ADA6-E70F57424997}.Debug|Any CPU.ActiveCfg = Debug|Any CPU
		{BE2CC104-3752-4FC7-ADA6-E70F57424997}.Debug|Any CPU.Build.0 = Debug|Any CPU
		{BE2CC104-3752-4FC7-ADA6-E70F57424997}.Release|Any CPU.ActiveCfg = Release|Any CPU
		{BE2CC104-3752-4FC7-ADA6-E70F57424997}.Release|Any CPU.Build.0 = Release|Any CPU
	EndGlobalSection
	GlobalSection(SolutionProperties) = preSolution
		HideSolutionNode = FALSE
	EndGlobalSection
	GlobalSection(ExtensibilityGlobals) = postSolution
		SolutionGuid = {EA2FF0FF-768E-40C6-8BAF-25B020E281F1}
	EndGlobalSection
EndGlobal
